
Microsoft Visual Studio Solution File, Format Version 12.00
# Visual Studio Version 17
VisualStudioVersion = 17.9.34902.65
MinimumVisualStudioVersion = 10.0.40219.1
Project("{FAE04EC0-301F-11D3-BF4B-00C04F79EFBC}") = "HomeworkGB5", "HomeworkGB5\HomeworkGB5.csproj", "{696F2AA6-C29D-4FA1-8906-79768D29EDAA}"
EndProject
Global
	GlobalSection(SolutionConfigurationPlatforms) = preSolution
		Debug|Any CPU = Debug|Any CPU
		Release|Any CPU = Release|Any CPU
	EndGlobalSection
	GlobalSection(ProjectConfigurationPlatforms) = postSolution
		{696F2AA6-C29D-4FA1-8906-79768D29EDAA}.Debug|Any CPU.ActiveCfg = Debug|Any CPU
		{696F2AA6-C29D-4FA1-8906-79768D29EDAA}.Debug|Any CPU.Build.0 = Debug|Any CPU
		{696F2AA6-C29D-4FA1-8906-79768D29EDAA}.Release|Any CPU.ActiveCfg = Release|Any CPU
		{696F2AA6-C29D-4FA1-8906-79768D29EDAA}.Release|Any CPU.Build.0 = Release|Any CPU
	EndGlobalSection
	GlobalSection(SolutionProperties) = preSolution
		HideSolutionNode = FALSE
	EndGlobalSection
	GlobalSection(ExtensibilityGlobals) = postSolution
		SolutionGuid = {2124161E-CC8D-43BA-B656-562D24D5D2F1}
	EndGlobalSection
EndGlobal
